// !$*UTF8*$!
{
	archiveVersion = 1;
	classes = {
	};
	objectVersion = 46;
	objects = {

/* Begin PBXBuildFile section */
		80015B7C190431FF00939A2A /* DisplayStatsTableViewCell.m in Sources */ = {isa = PBXBuildFile; fileRef = 80015B7B190431FF00939A2A /* DisplayStatsTableViewCell.m */; };
		8001BC611919479C00A79A16 /* barImageRet.png in Resources */ = {isa = PBXBuildFile; fileRef = 8001BC601919479C00A79A16 /* barImageRet.png */; };
		8001BC631919567700A79A16 /* classHunter.png in Resources */ = {isa = PBXBuildFile; fileRef = 8001BC621919567700A79A16 /* classHunter.png */; };
		8001BC6519195A5D00A79A16 /* paper1.jpg in Resources */ = {isa = PBXBuildFile; fileRef = 8001BC6419195A5D00A79A16 /* paper1.jpg */; };
		8001BC6719195C8F00A79A16 /* paper1Ret.jpg in Resources */ = {isa = PBXBuildFile; fileRef = 8001BC6619195C8F00A79A16 /* paper1Ret.jpg */; };
		8001BC6D191979B000A79A16 /* featuredDeckTableViewController.m in Sources */ = {isa = PBXBuildFile; fileRef = 8001BC6C191979B000A79A16 /* featuredDeckTableViewController.m */; };
		8001BC701919824900A79A16 /* featuredTableViewCell.m in Sources */ = {isa = PBXBuildFile; fileRef = 8001BC6F1919824900A79A16 /* featuredTableViewCell.m */; };
		801BFD45191986A8005EB3FC /* FeaturedDeckCardViewController.m in Sources */ = {isa = PBXBuildFile; fileRef = 801BFD44191986A8005EB3FC /* FeaturedDeckCardViewController.m */; };
		801FC2BF18FFFF33004FF4C9 /* HeroSelectViewController.m in Sources */ = {isa = PBXBuildFile; fileRef = 801FC2BE18FFFF33004FF4C9 /* HeroSelectViewController.m */; };
		801FC2C119000048004FF4C9 /* warrior.png in Resources */ = {isa = PBXBuildFile; fileRef = 801FC2C019000048004FF4C9 /* warrior.png */; };
		801FC2C419000524004FF4C9 /* DeckCreatorViewController.m in Sources */ = {isa = PBXBuildFile; fileRef = 801FC2C319000524004FF4C9 /* DeckCreatorViewController.m */; };
		801FC2CD19000820004FF4C9 /* warlock.png in Resources */ = {isa = PBXBuildFile; fileRef = 801FC2C519000820004FF4C9 /* warlock.png */; };
		801FC2CE19000820004FF4C9 /* shaman.png in Resources */ = {isa = PBXBuildFile; fileRef = 801FC2C619000820004FF4C9 /* shaman.png */; };
		801FC2CF19000820004FF4C9 /* rogue.png in Resources */ = {isa = PBXBuildFile; fileRef = 801FC2C719000820004FF4C9 /* rogue.png */; };
		801FC2D019000820004FF4C9 /* priest.png in Resources */ = {isa = PBXBuildFile; fileRef = 801FC2C819000820004FF4C9 /* priest.png */; };
		801FC2D119000820004FF4C9 /* paladin.png in Resources */ = {isa = PBXBuildFile; fileRef = 801FC2C919000820004FF4C9 /* paladin.png */; };
		801FC2D219000820004FF4C9 /* mage.png in Resources */ = {isa = PBXBuildFile; fileRef = 801FC2CA19000820004FF4C9 /* mage.png */; };
		801FC2D319000820004FF4C9 /* hunter.png in Resources */ = {isa = PBXBuildFile; fileRef = 801FC2CB19000820004FF4C9 /* hunter.png */; };
		801FC2D419000820004FF4C9 /* druid.png in Resources */ = {isa = PBXBuildFile; fileRef = 801FC2CC19000820004FF4C9 /* druid.png */; };
		801FC2DD19010AC2004FF4C9 /* CardObject.m in Sources */ = {isa = PBXBuildFile; fileRef = 801FC2DC19010AC2004FF4C9 /* CardObject.m */; };
		8023B77A1905A7D200B9143F /* win_16.png in Resources */ = {isa = PBXBuildFile; fileRef = 8023B7791905A7D200B9143F /* win_16.png */; };
		8040FE14190169B000C45B97 /* old.json in Resources */ = {isa = PBXBuildFile; fileRef = 8040FE13190169B000C45B97 /* old.json */; };
		8040FE17190197BC00C45B97 /* DeckTableViewCell.m in Sources */ = {isa = PBXBuildFile; fileRef = 8040FE16190197BC00C45B97 /* DeckTableViewCell.m */; };
		8040FE191901980C00C45B97 /* isDoubleIcon.png in Resources */ = {isa = PBXBuildFile; fileRef = 8040FE181901980C00C45B97 /* isDoubleIcon.png */; };
		8048B98D19AF279F00C482E4 /* DSBarChart.m in Sources */ = {isa = PBXBuildFile; fileRef = 8048B98C19AF279F00C482E4 /* DSBarChart.m */; };
		8063D4171950343F00B9047F /* MyDecksTableViewController.m in Sources */ = {isa = PBXBuildFile; fileRef = 8063D4161950343F00B9047F /* MyDecksTableViewController.m */; };
		8063D41A19503F1200B9047F /* DeckCreatorTableViewCell.m in Sources */ = {isa = PBXBuildFile; fileRef = 8063D41919503F1200B9047F /* DeckCreatorTableViewCell.m */; };
		80681749190274550048DCE7 /* MyDecksTableViewCell.m in Sources */ = {isa = PBXBuildFile; fileRef = 80681748190274550048DCE7 /* MyDecksTableViewCell.m */; };
		8068175319027D710048DCE7 /* priestDeck.png in Resources */ = {isa = PBXBuildFile; fileRef = 8068174C19027D710048DCE7 /* priestDeck.png */; };
		8068175419027D710048DCE7 /* mageDeck.png in Resources */ = {isa = PBXBuildFile; fileRef = 8068174D19027D710048DCE7 /* mageDeck.png */; };
		8068175519027D710048DCE7 /* warriorDeck.png in Resources */ = {isa = PBXBuildFile; fileRef = 8068174E19027D710048DCE7 /* warriorDeck.png */; };
		8068175619027D710048DCE7 /* druidDeck.png in Resources */ = {isa = PBXBuildFile; fileRef = 8068174F19027D710048DCE7 /* druidDeck.png */; };
		8068175719027D710048DCE7 /* hunterDeck.png in Resources */ = {isa = PBXBuildFile; fileRef = 8068175019027D710048DCE7 /* hunterDeck.png */; };
		8068175819027D710048DCE7 /* shamanDeck.png in Resources */ = {isa = PBXBuildFile; fileRef = 8068175119027D710048DCE7 /* shamanDeck.png */; };
		8068175919027D710048DCE7 /* paladinDeck.png in Resources */ = {isa = PBXBuildFile; fileRef = 8068175219027D710048DCE7 /* paladinDeck.png */; };
		8068175B19027E1B0048DCE7 /* warlockDeck.png in Resources */ = {isa = PBXBuildFile; fileRef = 8068175A19027E1B0048DCE7 /* warlockDeck.png */; };
		8068175D190281250048DCE7 /* rogueDeck.png in Resources */ = {isa = PBXBuildFile; fileRef = 8068175C190281250048DCE7 /* rogueDeck.png */; };
		806817601903F0320048DCE7 /* StatsViewController.m in Sources */ = {isa = PBXBuildFile; fileRef = 8068175F1903F0320048DCE7 /* StatsViewController.m */; };
		806817661903FB400048DCE7 /* StatsEntryObject.m in Sources */ = {isa = PBXBuildFile; fileRef = 806817651903FB400048DCE7 /* StatsEntryObject.m */; };
		80681769190404B70048DCE7 /* DisplayStatsViewController.m in Sources */ = {isa = PBXBuildFile; fileRef = 80681768190404B70048DCE7 /* DisplayStatsViewController.m */; };
		806EDAE319E3D35000D8D65F /* FeaturedFilterViewController.m in Sources */ = {isa = PBXBuildFile; fileRef = 806EDAE219E3D35000D8D65F /* FeaturedFilterViewController.m */; };
		8079A2E219B38BA600D89788 /* cloud.png in Resources */ = {isa = PBXBuildFile; fileRef = 8079A2E119B38BA600D89788 /* cloud.png */; };
		8079A2E819B390E600D89788 /* karten.png in Resources */ = {isa = PBXBuildFile; fileRef = 8079A2E719B390E600D89788 /* karten.png */; };
		8084B54719A9F80600FE4BB7 /* cards.json in Resources */ = {isa = PBXBuildFile; fileRef = 8084B54619A9F80600FE4BB7 /* cards.json */; };
		8099FE0418FA9108000BA429 /* Foundation.framework in Frameworks */ = {isa = PBXBuildFile; fileRef = 8099FE0318FA9108000BA429 /* Foundation.framework */; };
		8099FE0618FA9108000BA429 /* CoreGraphics.framework in Frameworks */ = {isa = PBXBuildFile; fileRef = 8099FE0518FA9108000BA429 /* CoreGraphics.framework */; };
		8099FE0A18FA9108000BA429 /* CoreData.framework in Frameworks */ = {isa = PBXBuildFile; fileRef = 8099FE0918FA9108000BA429 /* CoreData.framework */; };
		8099FE1018FA9108000BA429 /* InfoPlist.strings in Resources */ = {isa = PBXBuildFile; fileRef = 8099FE0E18FA9108000BA429 /* InfoPlist.strings */; };
		8099FE1218FA9108000BA429 /* main.m in Sources */ = {isa = PBXBuildFile; fileRef = 8099FE1118FA9108000BA429 /* main.m */; };
		8099FE1618FA9108000BA429 /* CoreData3AppDelegate.m in Sources */ = {isa = PBXBuildFile; fileRef = 8099FE1518FA9108000BA429 /* CoreData3AppDelegate.m */; };
		8099FE1918FA9108000BA429 /* CoreData3.xcdatamodeld in Sources */ = {isa = PBXBuildFile; fileRef = 8099FE1718FA9108000BA429 /* CoreData3.xcdatamodeld */; };
		8099FE1B18FA9108000BA429 /* Images.xcassets in Resources */ = {isa = PBXBuildFile; fileRef = 8099FE1A18FA9108000BA429 /* Images.xcassets */; };
		8099FE2218FA9108000BA429 /* XCTest.framework in Frameworks */ = {isa = PBXBuildFile; fileRef = 8099FE2118FA9108000BA429 /* XCTest.framework */; };
		8099FE2318FA9108000BA429 /* Foundation.framework in Frameworks */ = {isa = PBXBuildFile; fileRef = 8099FE0318FA9108000BA429 /* Foundation.framework */; };
		8099FE2418FA9108000BA429 /* UIKit.framework in Frameworks */ = {isa = PBXBuildFile; fileRef = 8099FE0718FA9108000BA429 /* UIKit.framework */; };
		8099FE2518FA9108000BA429 /* CoreData.framework in Frameworks */ = {isa = PBXBuildFile; fileRef = 8099FE0918FA9108000BA429 /* CoreData.framework */; };
		8099FE2D18FA9108000BA429 /* InfoPlist.strings in Resources */ = {isa = PBXBuildFile; fileRef = 8099FE2B18FA9108000BA429 /* InfoPlist.strings */; };
		8099FE2F18FA9108000BA429 /* CoreData3Tests.m in Sources */ = {isa = PBXBuildFile; fileRef = 8099FE2E18FA9108000BA429 /* CoreData3Tests.m */; };
		8099FE3918FA9126000BA429 /* Main.storyboard in Resources */ = {isa = PBXBuildFile; fileRef = 8099FE3818FA9126000BA429 /* Main.storyboard */; };
		8099FE3C18FA914D000BA429 /* CoreData3ViewController.m in Sources */ = {isa = PBXBuildFile; fileRef = 8099FE3B18FA914D000BA429 /* CoreData3ViewController.m */; };
		8099FE4718FAFE85000BA429 /* DeckObject.m in Sources */ = {isa = PBXBuildFile; fileRef = 8099FE4618FAFE85000BA429 /* DeckObject.m */; };
		8099FE4D18FC1E76000BA429 /* DeckTableViewController.m in Sources */ = {isa = PBXBuildFile; fileRef = 8099FE4C18FC1E76000BA429 /* DeckTableViewController.m */; };
		809AF26819A8CAC00019BBC1 /* druidclass.png in Resources */ = {isa = PBXBuildFile; fileRef = 809AF26119A8CAC00019BBC1 /* druidclass.png */; };
		809AF26919A8CAC00019BBC1 /* paladinclass.png in Resources */ = {isa = PBXBuildFile; fileRef = 809AF26219A8CAC00019BBC1 /* paladinclass.png */; };
		809AF26A19A8CAC00019BBC1 /* priestclass.png in Resources */ = {isa = PBXBuildFile; fileRef = 809AF26319A8CAC00019BBC1 /* priestclass.png */; };
		809AF26B19A8CAC00019BBC1 /* rogueclass.png in Resources */ = {isa = PBXBuildFile; fileRef = 809AF26419A8CAC00019BBC1 /* rogueclass.png */; };
		809AF26C19A8CAC00019BBC1 /* shamanclass.png in Resources */ = {isa = PBXBuildFile; fileRef = 809AF26519A8CAC00019BBC1 /* shamanclass.png */; };
		809AF26D19A8CAC00019BBC1 /* warlockclass.png in Resources */ = {isa = PBXBuildFile; fileRef = 809AF26619A8CAC00019BBC1 /* warlockclass.png */; };
		809AF26E19A8CAC00019BBC1 /* warriorclass.png in Resources */ = {isa = PBXBuildFile; fileRef = 809AF26719A8CAC00019BBC1 /* warriorclass.png */; };
		809AF27019A8CDFF0019BBC1 /* mageclass.png in Resources */ = {isa = PBXBuildFile; fileRef = 809AF26F19A8CDFF0019BBC1 /* mageclass.png */; };
		80A663F619770A7A00002D67 /* UIKit.framework in Frameworks */ = {isa = PBXBuildFile; fileRef = 8099FE0718FA9108000BA429 /* UIKit.framework */; };
		80E749971912D37C00B10B44 /* Parse.framework in Frameworks */ = {isa = PBXBuildFile; fileRef = 80E749961912D37C00B10B44 /* Parse.framework */; };
		80E749991912D3AE00B10B44 /* AudioToolbox.framework in Frameworks */ = {isa = PBXBuildFile; fileRef = 80E749981912D3AE00B10B44 /* AudioToolbox.framework */; };
		80E7499B1912D3C600B10B44 /* CFNetwork.framework in Frameworks */ = {isa = PBXBuildFile; fileRef = 80E7499A1912D3C600B10B44 /* CFNetwork.framework */; };
		80E7499D1912D3D600B10B44 /* CoreLocation.framework in Frameworks */ = {isa = PBXBuildFile; fileRef = 80E7499C1912D3D600B10B44 /* CoreLocation.framework */; };
		80E7499F1912D3E700B10B44 /* libz.dylib in Frameworks */ = {isa = PBXBuildFile; fileRef = 80E7499E1912D3E700B10B44 /* libz.dylib */; };
		80E749A11912D3F200B10B44 /* MobileCoreServices.framework in Frameworks */ = {isa = PBXBuildFile; fileRef = 80E749A01912D3F200B10B44 /* MobileCoreServices.framework */; };
		80E749A31912D3FA00B10B44 /* QuartzCore.framework in Frameworks */ = {isa = PBXBuildFile; fileRef = 80E749A21912D3FA00B10B44 /* QuartzCore.framework */; };
		80E749A51912D40500B10B44 /* Security.framework in Frameworks */ = {isa = PBXBuildFile; fileRef = 80E749A41912D40500B10B44 /* Security.framework */; };
		80E749A91912D41B00B10B44 /* SystemConfiguration.framework in Frameworks */ = {isa = PBXBuildFile; fileRef = 80E749A81912D41B00B10B44 /* SystemConfiguration.framework */; };
		80E749AC1912DE0E00B10B44 /* FeaturedDecksTableViewController.m in Sources */ = {isa = PBXBuildFile; fileRef = 80E749AB1912DE0E00B10B44 /* FeaturedDecksTableViewController.m */; };
		80E749AF19159E7000B10B44 /* featuredDeckTableViewCell.m in Sources */ = {isa = PBXBuildFile; fileRef = 80E749AE19159E7000B10B44 /* featuredDeckTableViewCell.m */; };
/* End PBXBuildFile section */

/* Begin PBXContainerItemProxy section */
		8099FE2618FA9108000BA429 /* PBXContainerItemProxy */ = {
			isa = PBXContainerItemProxy;
			containerPortal = 8099FDF818FA9108000BA429 /* Project object */;
			proxyType = 1;
			remoteGlobalIDString = 8099FDFF18FA9108000BA429;
			remoteInfo = CoreData3;
		};
/* End PBXContainerItemProxy section */

/* Begin PBXFileReference section */
		80015B7A190431FF00939A2A /* DisplayStatsTableViewCell.h */ = {isa = PBXFileReference; fileEncoding = 4; lastKnownFileType = sourcecode.c.h; path = DisplayStatsTableViewCell.h; sourceTree = "<group>"; };
		80015B7B190431FF00939A2A /* DisplayStatsTableViewCell.m */ = {isa = PBXFileReference; fileEncoding = 4; lastKnownFileType = sourcecode.c.objc; path = DisplayStatsTableViewCell.m; sourceTree = "<group>"; };
		8001BC601919479C00A79A16 /* barImageRet.png */ = {isa = PBXFileReference; lastKnownFileType = image.png; path = barImageRet.png; sourceTree = "<group>"; };
		8001BC621919567700A79A16 /* classHunter.png */ = {isa = PBXFileReference; lastKnownFileType = image.png; path = classHunter.png; sourceTree = "<group>"; };
		8001BC6419195A5D00A79A16 /* paper1.jpg */ = {isa = PBXFileReference; lastKnownFileType = image.jpeg; path = paper1.jpg; sourceTree = "<group>"; };
		8001BC6619195C8F00A79A16 /* paper1Ret.jpg */ = {isa = PBXFileReference; lastKnownFileType = image.jpeg; path = paper1Ret.jpg; sourceTree = "<group>"; };
		8001BC6B191979B000A79A16 /* featuredDeckTableViewController.h */ = {isa = PBXFileReference; fileEncoding = 4; lastKnownFileType = sourcecode.c.h; path = featuredDeckTableViewController.h; sourceTree = "<group>"; };
		8001BC6C191979B000A79A16 /* featuredDeckTableViewController.m */ = {isa = PBXFileReference; fileEncoding = 4; lastKnownFileType = sourcecode.c.objc; path = featuredDeckTableViewController.m; sourceTree = "<group>"; };
		8001BC6E1919824900A79A16 /* featuredTableViewCell.h */ = {isa = PBXFileReference; fileEncoding = 4; lastKnownFileType = sourcecode.c.h; path = featuredTableViewCell.h; sourceTree = "<group>"; };
		8001BC6F1919824900A79A16 /* featuredTableViewCell.m */ = {isa = PBXFileReference; fileEncoding = 4; lastKnownFileType = sourcecode.c.objc; path = featuredTableViewCell.m; sourceTree = "<group>"; };
		801BFD43191986A8005EB3FC /* FeaturedDeckCardViewController.h */ = {isa = PBXFileReference; fileEncoding = 4; lastKnownFileType = sourcecode.c.h; path = FeaturedDeckCardViewController.h; sourceTree = "<group>"; };
		801BFD44191986A8005EB3FC /* FeaturedDeckCardViewController.m */ = {isa = PBXFileReference; fileEncoding = 4; lastKnownFileType = sourcecode.c.objc; path = FeaturedDeckCardViewController.m; sourceTree = "<group>"; };
		801FC2BD18FFFF33004FF4C9 /* HeroSelectViewController.h */ = {isa = PBXFileReference; fileEncoding = 4; lastKnownFileType = sourcecode.c.h; path = HeroSelectViewController.h; sourceTree = "<group>"; };
		801FC2BE18FFFF33004FF4C9 /* HeroSelectViewController.m */ = {isa = PBXFileReference; fileEncoding = 4; lastKnownFileType = sourcecode.c.objc; path = HeroSelectViewController.m; sourceTree = "<group>"; };
		801FC2C019000048004FF4C9 /* warrior.png */ = {isa = PBXFileReference; lastKnownFileType = image.png; path = warrior.png; sourceTree = "<group>"; };
		801FC2C219000524004FF4C9 /* DeckCreatorViewController.h */ = {isa = PBXFileReference; fileEncoding = 4; lastKnownFileType = sourcecode.c.h; path = DeckCreatorViewController.h; sourceTree = "<group>"; };
		801FC2C319000524004FF4C9 /* DeckCreatorViewController.m */ = {isa = PBXFileReference; fileEncoding = 4; lastKnownFileType = sourcecode.c.objc; path = DeckCreatorViewController.m; sourceTree = "<group>"; };
		801FC2C519000820004FF4C9 /* warlock.png */ = {isa = PBXFileReference; lastKnownFileType = image.png; path = warlock.png; sourceTree = "<group>"; };
		801FC2C619000820004FF4C9 /* shaman.png */ = {isa = PBXFileReference; lastKnownFileType = image.png; path = shaman.png; sourceTree = "<group>"; };
		801FC2C719000820004FF4C9 /* rogue.png */ = {isa = PBXFileReference; lastKnownFileType = image.png; path = rogue.png; sourceTree = "<group>"; };
		801FC2C819000820004FF4C9 /* priest.png */ = {isa = PBXFileReference; lastKnownFileType = image.png; path = priest.png; sourceTree = "<group>"; };
		801FC2C919000820004FF4C9 /* paladin.png */ = {isa = PBXFileReference; lastKnownFileType = image.png; path = paladin.png; sourceTree = "<group>"; };
		801FC2CA19000820004FF4C9 /* mage.png */ = {isa = PBXFileReference; lastKnownFileType = image.png; path = mage.png; sourceTree = "<group>"; };
		801FC2CB19000820004FF4C9 /* hunter.png */ = {isa = PBXFileReference; lastKnownFileType = image.png; path = hunter.png; sourceTree = "<group>"; };
		801FC2CC19000820004FF4C9 /* druid.png */ = {isa = PBXFileReference; lastKnownFileType = image.png; path = druid.png; sourceTree = "<group>"; };
		801FC2DB19010AC2004FF4C9 /* CardObject.h */ = {isa = PBXFileReference; fileEncoding = 4; lastKnownFileType = sourcecode.c.h; path = CardObject.h; sourceTree = "<group>"; };
		801FC2DC19010AC2004FF4C9 /* CardObject.m */ = {isa = PBXFileReference; fileEncoding = 4; lastKnownFileType = sourcecode.c.objc; path = CardObject.m; sourceTree = "<group>"; };
		8023B7791905A7D200B9143F /* win_16.png */ = {isa = PBXFileReference; lastKnownFileType = image.png; path = win_16.png; sourceTree = "<group>"; };
		8040FE13190169B000C45B97 /* old.json */ = {isa = PBXFileReference; fileEncoding = 4; lastKnownFileType = text.json; path = old.json; sourceTree = "<group>"; };
		8040FE15190197BC00C45B97 /* DeckTableViewCell.h */ = {isa = PBXFileReference; fileEncoding = 4; lastKnownFileType = sourcecode.c.h; path = DeckTableViewCell.h; sourceTree = "<group>"; };
		8040FE16190197BC00C45B97 /* DeckTableViewCell.m */ = {isa = PBXFileReference; fileEncoding = 4; lastKnownFileType = sourcecode.c.objc; path = DeckTableViewCell.m; sourceTree = "<group>"; };
		8040FE181901980C00C45B97 /* isDoubleIcon.png */ = {isa = PBXFileReference; lastKnownFileType = image.png; path = isDoubleIcon.png; sourceTree = "<group>"; };
		8048B98B19AF279F00C482E4 /* DSBarChart.h */ = {isa = PBXFileReference; fileEncoding = 4; lastKnownFileType = sourcecode.c.h; path = DSBarChart.h; sourceTree = "<group>"; };
		8048B98C19AF279F00C482E4 /* DSBarChart.m */ = {isa = PBXFileReference; fileEncoding = 4; lastKnownFileType = sourcecode.c.objc; path = DSBarChart.m; sourceTree = "<group>"; };
		8063D4151950343F00B9047F /* MyDecksTableViewController.h */ = {isa = PBXFileReference; fileEncoding = 4; lastKnownFileType = sourcecode.c.h; path = MyDecksTableViewController.h; sourceTree = "<group>"; };
		8063D4161950343F00B9047F /* MyDecksTableViewController.m */ = {isa = PBXFileReference; fileEncoding = 4; lastKnownFileType = sourcecode.c.objc; path = MyDecksTableViewController.m; sourceTree = "<group>"; };
		8063D41819503F1200B9047F /* DeckCreatorTableViewCell.h */ = {isa = PBXFileReference; fileEncoding = 4; lastKnownFileType = sourcecode.c.h; path = DeckCreatorTableViewCell.h; sourceTree = "<group>"; };
		8063D41919503F1200B9047F /* DeckCreatorTableViewCell.m */ = {isa = PBXFileReference; fileEncoding = 4; lastKnownFileType = sourcecode.c.objc; path = DeckCreatorTableViewCell.m; sourceTree = "<group>"; };
		80681747190274550048DCE7 /* MyDecksTableViewCell.h */ = {isa = PBXFileReference; fileEncoding = 4; lastKnownFileType = sourcecode.c.h; path = MyDecksTableViewCell.h; sourceTree = "<group>"; };
		80681748190274550048DCE7 /* MyDecksTableViewCell.m */ = {isa = PBXFileReference; fileEncoding = 4; lastKnownFileType = sourcecode.c.objc; path = MyDecksTableViewCell.m; sourceTree = "<group>"; };
		8068174C19027D710048DCE7 /* priestDeck.png */ = {isa = PBXFileReference; lastKnownFileType = image.png; path = priestDeck.png; sourceTree = "<group>"; };
		8068174D19027D710048DCE7 /* mageDeck.png */ = {isa = PBXFileReference; lastKnownFileType = image.png; path = mageDeck.png; sourceTree = "<group>"; };
		8068174E19027D710048DCE7 /* warriorDeck.png */ = {isa = PBXFileReference; lastKnownFileType = image.png; path = warriorDeck.png; sourceTree = "<group>"; };
		8068174F19027D710048DCE7 /* druidDeck.png */ = {isa = PBXFileReference; lastKnownFileType = image.png; path = druidDeck.png; sourceTree = "<group>"; };
		8068175019027D710048DCE7 /* hunterDeck.png */ = {isa = PBXFileReference; lastKnownFileType = image.png; path = hunterDeck.png; sourceTree = "<group>"; };
		8068175119027D710048DCE7 /* shamanDeck.png */ = {isa = PBXFileReference; lastKnownFileType = image.png; path = shamanDeck.png; sourceTree = "<group>"; };
		8068175219027D710048DCE7 /* paladinDeck.png */ = {isa = PBXFileReference; lastKnownFileType = image.png; path = paladinDeck.png; sourceTree = "<group>"; };
		8068175A19027E1B0048DCE7 /* warlockDeck.png */ = {isa = PBXFileReference; lastKnownFileType = image.png; path = warlockDeck.png; sourceTree = "<group>"; };
		8068175C190281250048DCE7 /* rogueDeck.png */ = {isa = PBXFileReference; lastKnownFileType = image.png; path = rogueDeck.png; sourceTree = "<group>"; };
		8068175E1903F0320048DCE7 /* StatsViewController.h */ = {isa = PBXFileReference; fileEncoding = 4; lastKnownFileType = sourcecode.c.h; path = StatsViewController.h; sourceTree = "<group>"; };
		8068175F1903F0320048DCE7 /* StatsViewController.m */ = {isa = PBXFileReference; fileEncoding = 4; lastKnownFileType = sourcecode.c.objc; path = StatsViewController.m; sourceTree = "<group>"; };
		806817641903FB400048DCE7 /* StatsEntryObject.h */ = {isa = PBXFileReference; fileEncoding = 4; lastKnownFileType = sourcecode.c.h; path = StatsEntryObject.h; sourceTree = "<group>"; };
		806817651903FB400048DCE7 /* StatsEntryObject.m */ = {isa = PBXFileReference; fileEncoding = 4; lastKnownFileType = sourcecode.c.objc; path = StatsEntryObject.m; sourceTree = "<group>"; };
		80681767190404B70048DCE7 /* DisplayStatsViewController.h */ = {isa = PBXFileReference; fileEncoding = 4; lastKnownFileType = sourcecode.c.h; path = DisplayStatsViewController.h; sourceTree = "<group>"; };
		80681768190404B70048DCE7 /* DisplayStatsViewController.m */ = {isa = PBXFileReference; fileEncoding = 4; lastKnownFileType = sourcecode.c.objc; path = DisplayStatsViewController.m; sourceTree = "<group>"; };
		806EDAE119E3D35000D8D65F /* FeaturedFilterViewController.h */ = {isa = PBXFileReference; fileEncoding = 4; lastKnownFileType = sourcecode.c.h; path = FeaturedFilterViewController.h; sourceTree = "<group>"; };
		806EDAE219E3D35000D8D65F /* FeaturedFilterViewController.m */ = {isa = PBXFileReference; fileEncoding = 4; lastKnownFileType = sourcecode.c.objc; path = FeaturedFilterViewController.m; sourceTree = "<group>"; };
		8079A2E119B38BA600D89788 /* cloud.png */ = {isa = PBXFileReference; lastKnownFileType = image.png; path = cloud.png; sourceTree = "<group>"; };
		8079A2E719B390E600D89788 /* karten.png */ = {isa = PBXFileReference; lastKnownFileType = image.png; path = karten.png; sourceTree = "<group>"; };
		8084B54619A9F80600FE4BB7 /* cards.json */ = {isa = PBXFileReference; fileEncoding = 4; lastKnownFileType = text.json; path = cards.json; sourceTree = "<group>"; };
		8099FE0018FA9108000BA429 /* Deck Stats.app */ = {isa = PBXFileReference; explicitFileType = wrapper.application; includeInIndex = 0; path = "Deck Stats.app"; sourceTree = BUILT_PRODUCTS_DIR; };
		8099FE0318FA9108000BA429 /* Foundation.framework */ = {isa = PBXFileReference; lastKnownFileType = wrapper.framework; name = Foundation.framework; path = System/Library/Frameworks/Foundation.framework; sourceTree = SDKROOT; };
		8099FE0518FA9108000BA429 /* CoreGraphics.framework */ = {isa = PBXFileReference; lastKnownFileType = wrapper.framework; name = CoreGraphics.framework; path = System/Library/Frameworks/CoreGraphics.framework; sourceTree = SDKROOT; };
		8099FE0718FA9108000BA429 /* UIKit.framework */ = {isa = PBXFileReference; lastKnownFileType = wrapper.framework; name = UIKit.framework; path = System/Library/Frameworks/UIKit.framework; sourceTree = SDKROOT; };
		8099FE0918FA9108000BA429 /* CoreData.framework */ = {isa = PBXFileReference; lastKnownFileType = wrapper.framework; name = CoreData.framework; path = System/Library/Frameworks/CoreData.framework; sourceTree = SDKROOT; };
		8099FE0D18FA9108000BA429 /* Deck Stats-Info.plist */ = {isa = PBXFileReference; lastKnownFileType = text.plist.xml; path = "Deck Stats-Info.plist"; sourceTree = "<group>"; };
		8099FE0F18FA9108000BA429 /* en */ = {isa = PBXFileReference; lastKnownFileType = text.plist.strings; name = en; path = en.lproj/InfoPlist.strings; sourceTree = "<group>"; };
		8099FE1118FA9108000BA429 /* main.m */ = {isa = PBXFileReference; lastKnownFileType = sourcecode.c.objc; path = main.m; sourceTree = "<group>"; };
		8099FE1318FA9108000BA429 /* Deck Stats-Prefix.pch */ = {isa = PBXFileReference; lastKnownFileType = sourcecode.c.h; path = "Deck Stats-Prefix.pch"; sourceTree = "<group>"; };
		8099FE1418FA9108000BA429 /* CoreData3AppDelegate.h */ = {isa = PBXFileReference; lastKnownFileType = sourcecode.c.h; path = CoreData3AppDelegate.h; sourceTree = "<group>"; };
		8099FE1518FA9108000BA429 /* CoreData3AppDelegate.m */ = {isa = PBXFileReference; lastKnownFileType = sourcecode.c.objc; path = CoreData3AppDelegate.m; sourceTree = "<group>"; };
		8099FE1818FA9108000BA429 /* CoreData3.xcdatamodel */ = {isa = PBXFileReference; lastKnownFileType = wrapper.xcdatamodel; path = CoreData3.xcdatamodel; sourceTree = "<group>"; };
		8099FE1A18FA9108000BA429 /* Images.xcassets */ = {isa = PBXFileReference; lastKnownFileType = folder.assetcatalog; path = Images.xcassets; sourceTree = "<group>"; };
		8099FE2018FA9108000BA429 /* Deck StatsTests.xctest */ = {isa = PBXFileReference; explicitFileType = wrapper.cfbundle; includeInIndex = 0; path = "Deck StatsTests.xctest"; sourceTree = BUILT_PRODUCTS_DIR; };
		8099FE2118FA9108000BA429 /* XCTest.framework */ = {isa = PBXFileReference; lastKnownFileType = wrapper.framework; name = XCTest.framework; path = Library/Frameworks/XCTest.framework; sourceTree = DEVELOPER_DIR; };
		8099FE2A18FA9108000BA429 /* Deck StatsTests-Info.plist */ = {isa = PBXFileReference; lastKnownFileType = text.plist.xml; path = "Deck StatsTests-Info.plist"; sourceTree = "<group>"; };
		8099FE2C18FA9108000BA429 /* en */ = {isa = PBXFileReference; lastKnownFileType = text.plist.strings; name = en; path = en.lproj/InfoPlist.strings; sourceTree = "<group>"; };
		8099FE2E18FA9108000BA429 /* CoreData3Tests.m */ = {isa = PBXFileReference; lastKnownFileType = sourcecode.c.objc; path = CoreData3Tests.m; sourceTree = "<group>"; };
		8099FE3818FA9126000BA429 /* Main.storyboard */ = {isa = PBXFileReference; fileEncoding = 4; lastKnownFileType = file.storyboard; path = Main.storyboard; sourceTree = "<group>"; };
		8099FE3A18FA914D000BA429 /* CoreData3ViewController.h */ = {isa = PBXFileReference; fileEncoding = 4; lastKnownFileType = sourcecode.c.h; path = CoreData3ViewController.h; sourceTree = "<group>"; };
		8099FE3B18FA914D000BA429 /* CoreData3ViewController.m */ = {isa = PBXFileReference; fileEncoding = 4; lastKnownFileType = sourcecode.c.objc; path = CoreData3ViewController.m; sourceTree = "<group>"; };
		8099FE4518FAFE85000BA429 /* DeckObject.h */ = {isa = PBXFileReference; fileEncoding = 4; lastKnownFileType = sourcecode.c.h; path = DeckObject.h; sourceTree = "<group>"; };
		8099FE4618FAFE85000BA429 /* DeckObject.m */ = {isa = PBXFileReference; fileEncoding = 4; lastKnownFileType = sourcecode.c.objc; path = DeckObject.m; sourceTree = "<group>"; };
		8099FE4B18FC1E76000BA429 /* DeckTableViewController.h */ = {isa = PBXFileReference; fileEncoding = 4; lastKnownFileType = sourcecode.c.h; path = DeckTableViewController.h; sourceTree = "<group>"; };
		8099FE4C18FC1E76000BA429 /* DeckTableViewController.m */ = {isa = PBXFileReference; fileEncoding = 4; lastKnownFileType = sourcecode.c.objc; path = DeckTableViewController.m; sourceTree = "<group>"; };
		809AF26119A8CAC00019BBC1 /* druidclass.png */ = {isa = PBXFileReference; lastKnownFileType = image.png; path = druidclass.png; sourceTree = "<group>"; };
		809AF26219A8CAC00019BBC1 /* paladinclass.png */ = {isa = PBXFileReference; lastKnownFileType = image.png; path = paladinclass.png; sourceTree = "<group>"; };
		809AF26319A8CAC00019BBC1 /* priestclass.png */ = {isa = PBXFileReference; lastKnownFileType = image.png; path = priestclass.png; sourceTree = "<group>"; };
		809AF26419A8CAC00019BBC1 /* rogueclass.png */ = {isa = PBXFileReference; lastKnownFileType = image.png; path = rogueclass.png; sourceTree = "<group>"; };
		809AF26519A8CAC00019BBC1 /* shamanclass.png */ = {isa = PBXFileReference; lastKnownFileType = image.png; path = shamanclass.png; sourceTree = "<group>"; };
		809AF26619A8CAC00019BBC1 /* warlockclass.png */ = {isa = PBXFileReference; lastKnownFileType = image.png; path = warlockclass.png; sourceTree = "<group>"; };
		809AF26719A8CAC00019BBC1 /* warriorclass.png */ = {isa = PBXFileReference; lastKnownFileType = image.png; path = warriorclass.png; sourceTree = "<group>"; };
		809AF26F19A8CDFF0019BBC1 /* mageclass.png */ = {isa = PBXFileReference; lastKnownFileType = image.png; path = mageclass.png; sourceTree = "<group>"; };
		80E749961912D37C00B10B44 /* Parse.framework */ = {isa = PBXFileReference; lastKnownFileType = wrapper.framework; path = Parse.framework; sourceTree = "<group>"; };
		80E749981912D3AE00B10B44 /* AudioToolbox.framework */ = {isa = PBXFileReference; lastKnownFileType = wrapper.framework; name = AudioToolbox.framework; path = System/Library/Frameworks/AudioToolbox.framework; sourceTree = SDKROOT; };
		80E7499A1912D3C600B10B44 /* CFNetwork.framework */ = {isa = PBXFileReference; lastKnownFileType = wrapper.framework; name = CFNetwork.framework; path = System/Library/Frameworks/CFNetwork.framework; sourceTree = SDKROOT; };
		80E7499C1912D3D600B10B44 /* CoreLocation.framework */ = {isa = PBXFileReference; lastKnownFileType = wrapper.framework; name = CoreLocation.framework; path = System/Library/Frameworks/CoreLocation.framework; sourceTree = SDKROOT; };
		80E7499E1912D3E700B10B44 /* libz.dylib */ = {isa = PBXFileReference; lastKnownFileType = "compiled.mach-o.dylib"; name = libz.dylib; path = usr/lib/libz.dylib; sourceTree = SDKROOT; };
		80E749A01912D3F200B10B44 /* MobileCoreServices.framework */ = {isa = PBXFileReference; lastKnownFileType = wrapper.framework; name = MobileCoreServices.framework; path = System/Library/Frameworks/MobileCoreServices.framework; sourceTree = SDKROOT; };
		80E749A21912D3FA00B10B44 /* QuartzCore.framework */ = {isa = PBXFileReference; lastKnownFileType = wrapper.framework; name = QuartzCore.framework; path = System/Library/Frameworks/QuartzCore.framework; sourceTree = SDKROOT; };
		80E749A41912D40500B10B44 /* Security.framework */ = {isa = PBXFileReference; lastKnownFileType = wrapper.framework; name = Security.framework; path = System/Library/Frameworks/Security.framework; sourceTree = SDKROOT; };
		80E749A81912D41B00B10B44 /* SystemConfiguration.framework */ = {isa = PBXFileReference; lastKnownFileType = wrapper.framework; name = SystemConfiguration.framework; path = System/Library/Frameworks/SystemConfiguration.framework; sourceTree = SDKROOT; };
		80E749AA1912DE0E00B10B44 /* FeaturedDecksTableViewController.h */ = {isa = PBXFileReference; fileEncoding = 4; lastKnownFileType = sourcecode.c.h; path = FeaturedDecksTableViewController.h; sourceTree = "<group>"; };
		80E749AB1912DE0E00B10B44 /* FeaturedDecksTableViewController.m */ = {isa = PBXFileReference; fileEncoding = 4; lastKnownFileType = sourcecode.c.objc; path = FeaturedDecksTableViewController.m; sourceTree = "<group>"; };
		80E749AD19159E7000B10B44 /* featuredDeckTableViewCell.h */ = {isa = PBXFileReference; fileEncoding = 4; lastKnownFileType = sourcecode.c.h; path = featuredDeckTableViewCell.h; sourceTree = "<group>"; };
		80E749AE19159E7000B10B44 /* featuredDeckTableViewCell.m */ = {isa = PBXFileReference; fileEncoding = 4; lastKnownFileType = sourcecode.c.objc; path = featuredDeckTableViewCell.m; sourceTree = "<group>"; };
/* End PBXFileReference section */

/* Begin PBXFrameworksBuildPhase section */
		8099FDFD18FA9108000BA429 /* Frameworks */ = {
			isa = PBXFrameworksBuildPhase;
			buildActionMask = 2147483647;
			files = (
				80A663F619770A7A00002D67 /* UIKit.framework in Frameworks */,
				80E749A91912D41B00B10B44 /* SystemConfiguration.framework in Frameworks */,
				80E749A51912D40500B10B44 /* Security.framework in Frameworks */,
				80E749A31912D3FA00B10B44 /* QuartzCore.framework in Frameworks */,
				80E749A11912D3F200B10B44 /* MobileCoreServices.framework in Frameworks */,
				80E7499F1912D3E700B10B44 /* libz.dylib in Frameworks */,
				80E7499D1912D3D600B10B44 /* CoreLocation.framework in Frameworks */,
				80E7499B1912D3C600B10B44 /* CFNetwork.framework in Frameworks */,
				80E749991912D3AE00B10B44 /* AudioToolbox.framework in Frameworks */,
				8099FE0618FA9108000BA429 /* CoreGraphics.framework in Frameworks */,
				8099FE0A18FA9108000BA429 /* CoreData.framework in Frameworks */,
				8099FE0418FA9108000BA429 /* Foundation.framework in Frameworks */,
				80E749971912D37C00B10B44 /* Parse.framework in Frameworks */,
			);
			runOnlyForDeploymentPostprocessing = 0;
		};
		8099FE1D18FA9108000BA429 /* Frameworks */ = {
			isa = PBXFrameworksBuildPhase;
			buildActionMask = 2147483647;
			files = (
				8099FE2218FA9108000BA429 /* XCTest.framework in Frameworks */,
				8099FE2518FA9108000BA429 /* CoreData.framework in Frameworks */,
				8099FE2418FA9108000BA429 /* UIKit.framework in Frameworks */,
				8099FE2318FA9108000BA429 /* Foundation.framework in Frameworks */,
			);
			runOnlyForDeploymentPostprocessing = 0;
		};
/* End PBXFrameworksBuildPhase section */

/* Begin PBXGroup section */
		80015B7D1904323A00939A2A /* Objects */ = {
			isa = PBXGroup;
			children = (
				8099FE4518FAFE85000BA429 /* DeckObject.h */,
				8099FE4618FAFE85000BA429 /* DeckObject.m */,
				801FC2DB19010AC2004FF4C9 /* CardObject.h */,
				801FC2DC19010AC2004FF4C9 /* CardObject.m */,
				806817641903FB400048DCE7 /* StatsEntryObject.h */,
				806817651903FB400048DCE7 /* StatsEntryObject.m */,
			);
			name = Objects;
			sourceTree = "<group>";
		};
		80015B7E1904326E00939A2A /* DeckCreation */ = {
			isa = PBXGroup;
			children = (
				801FC2BD18FFFF33004FF4C9 /* HeroSelectViewController.h */,
				801FC2BE18FFFF33004FF4C9 /* HeroSelectViewController.m */,
				801FC2C219000524004FF4C9 /* DeckCreatorViewController.h */,
				801FC2C319000524004FF4C9 /* DeckCreatorViewController.m */,
				8063D41819503F1200B9047F /* DeckCreatorTableViewCell.h */,
				8063D41919503F1200B9047F /* DeckCreatorTableViewCell.m */,
			);
			name = DeckCreation;
			sourceTree = "<group>";
		};
		8099FDF718FA9108000BA429 = {
			isa = PBXGroup;
			children = (
				8099FE0B18FA9108000BA429 /* Hearthstats */,
				8099FE2818FA9108000BA429 /* CoreData3Tests */,
				8099FE0218FA9108000BA429 /* Frameworks */,
				8099FE0118FA9108000BA429 /* Products */,
			);
			sourceTree = "<group>";
		};
		8099FE0118FA9108000BA429 /* Products */ = {
			isa = PBXGroup;
			children = (
				8099FE0018FA9108000BA429 /* Deck Stats.app */,
				8099FE2018FA9108000BA429 /* Deck StatsTests.xctest */,
			);
			name = Products;
			sourceTree = "<group>";
		};
		8099FE0218FA9108000BA429 /* Frameworks */ = {
			isa = PBXGroup;
			children = (
				80E749A81912D41B00B10B44 /* SystemConfiguration.framework */,
				80E749A41912D40500B10B44 /* Security.framework */,
				80E749A21912D3FA00B10B44 /* QuartzCore.framework */,
				80E749A01912D3F200B10B44 /* MobileCoreServices.framework */,
				80E7499E1912D3E700B10B44 /* libz.dylib */,
				80E7499C1912D3D600B10B44 /* CoreLocation.framework */,
				80E7499A1912D3C600B10B44 /* CFNetwork.framework */,
				80E749981912D3AE00B10B44 /* AudioToolbox.framework */,
				80E749961912D37C00B10B44 /* Parse.framework */,
				8099FE0318FA9108000BA429 /* Foundation.framework */,
				8099FE0518FA9108000BA429 /* CoreGraphics.framework */,
				8099FE0718FA9108000BA429 /* UIKit.framework */,
				8099FE0918FA9108000BA429 /* CoreData.framework */,
				8099FE2118FA9108000BA429 /* XCTest.framework */,
			);
			name = Frameworks;
			sourceTree = "<group>";
		};
		8099FE0B18FA9108000BA429 /* Hearthstats */ = {
			isa = PBXGroup;
			children = (
				8099FE3818FA9126000BA429 /* Main.storyboard */,
				8099FE1418FA9108000BA429 /* CoreData3AppDelegate.h */,
				8099FE1518FA9108000BA429 /* CoreData3AppDelegate.m */,
				8099FE1A18FA9108000BA429 /* Images.xcassets */,
				8099FE1718FA9108000BA429 /* CoreData3.xcdatamodeld */,
				8048B98B19AF279F00C482E4 /* DSBarChart.h */,
				8048B98C19AF279F00C482E4 /* DSBarChart.m */,
				80015B7E1904326E00939A2A /* DeckCreation */,
				80015B7D1904323A00939A2A /* Objects */,
				8099FE3A18FA914D000BA429 /* CoreData3ViewController.h */,
				8099FE3B18FA914D000BA429 /* CoreData3ViewController.m */,
				8063D4151950343F00B9047F /* MyDecksTableViewController.h */,
				8063D4161950343F00B9047F /* MyDecksTableViewController.m */,
				80681747190274550048DCE7 /* MyDecksTableViewCell.h */,
				80681748190274550048DCE7 /* MyDecksTableViewCell.m */,
				8099FE4B18FC1E76000BA429 /* DeckTableViewController.h */,
				8099FE4C18FC1E76000BA429 /* DeckTableViewController.m */,
				8040FE15190197BC00C45B97 /* DeckTableViewCell.h */,
				8040FE16190197BC00C45B97 /* DeckTableViewCell.m */,
				8068175E1903F0320048DCE7 /* StatsViewController.h */,
				8068175F1903F0320048DCE7 /* StatsViewController.m */,
				80681767190404B70048DCE7 /* DisplayStatsViewController.h */,
				80681768190404B70048DCE7 /* DisplayStatsViewController.m */,
				80015B7A190431FF00939A2A /* DisplayStatsTableViewCell.h */,
				80015B7B190431FF00939A2A /* DisplayStatsTableViewCell.m */,
				80E749AA1912DE0E00B10B44 /* FeaturedDecksTableViewController.h */,
				80E749AB1912DE0E00B10B44 /* FeaturedDecksTableViewController.m */,
				80E749AD19159E7000B10B44 /* featuredDeckTableViewCell.h */,
				80E749AE19159E7000B10B44 /* featuredDeckTableViewCell.m */,
				8001BC6B191979B000A79A16 /* featuredDeckTableViewController.h */,
				8001BC6C191979B000A79A16 /* featuredDeckTableViewController.m */,
				8001BC6E1919824900A79A16 /* featuredTableViewCell.h */,
				8001BC6F1919824900A79A16 /* featuredTableViewCell.m */,
				801BFD43191986A8005EB3FC /* FeaturedDeckCardViewController.h */,
				801BFD44191986A8005EB3FC /* FeaturedDeckCardViewController.m */,
				806EDAE119E3D35000D8D65F /* FeaturedFilterViewController.h */,
				806EDAE219E3D35000D8D65F /* FeaturedFilterViewController.m */,
				8099FE0C18FA9108000BA429 /* Supporting Files */,
			);
			name = Hearthstats;
			path = CoreData3;
			sourceTree = "<group>";
		};
		8099FE0C18FA9108000BA429 /* Supporting Files */ = {
			isa = PBXGroup;
			children = (
				8079A2E719B390E600D89788 /* karten.png */,
				8079A2E119B38BA600D89788 /* cloud.png */,
				809AF26119A8CAC00019BBC1 /* druidclass.png */,
				809AF26F19A8CDFF0019BBC1 /* mageclass.png */,
				809AF26219A8CAC00019BBC1 /* paladinclass.png */,
				809AF26319A8CAC00019BBC1 /* priestclass.png */,
				809AF26419A8CAC00019BBC1 /* rogueclass.png */,
				809AF26519A8CAC00019BBC1 /* shamanclass.png */,
				809AF26619A8CAC00019BBC1 /* warlockclass.png */,
				809AF26719A8CAC00019BBC1 /* warriorclass.png */,
				8001BC6419195A5D00A79A16 /* paper1.jpg */,
				8001BC6619195C8F00A79A16 /* paper1Ret.jpg */,
				8001BC621919567700A79A16 /* classHunter.png */,
				8001BC601919479C00A79A16 /* barImageRet.png */,
				8023B7791905A7D200B9143F /* win_16.png */,
				8068175C190281250048DCE7 /* rogueDeck.png */,
				8068174C19027D710048DCE7 /* priestDeck.png */,
				8068174D19027D710048DCE7 /* mageDeck.png */,
				8068174E19027D710048DCE7 /* warriorDeck.png */,
				8068174F19027D710048DCE7 /* druidDeck.png */,
				8068175019027D710048DCE7 /* hunterDeck.png */,
				8068175A19027E1B0048DCE7 /* warlockDeck.png */,
				8068175119027D710048DCE7 /* shamanDeck.png */,
				8068175219027D710048DCE7 /* paladinDeck.png */,
				8084B54619A9F80600FE4BB7 /* cards.json */,
				8040FE13190169B000C45B97 /* old.json */,
				8040FE181901980C00C45B97 /* isDoubleIcon.png */,
				801FC2C019000048004FF4C9 /* warrior.png */,
				801FC2C519000820004FF4C9 /* warlock.png */,
				801FC2C619000820004FF4C9 /* shaman.png */,
				801FC2C719000820004FF4C9 /* rogue.png */,
				801FC2C819000820004FF4C9 /* priest.png */,
				801FC2C919000820004FF4C9 /* paladin.png */,
				801FC2CA19000820004FF4C9 /* mage.png */,
				801FC2CB19000820004FF4C9 /* hunter.png */,
				801FC2CC19000820004FF4C9 /* druid.png */,
				8099FE0D18FA9108000BA429 /* Deck Stats-Info.plist */,
				8099FE0E18FA9108000BA429 /* InfoPlist.strings */,
				8099FE1118FA9108000BA429 /* main.m */,
				8099FE1318FA9108000BA429 /* Deck Stats-Prefix.pch */,
			);
			name = "Supporting Files";
			sourceTree = "<group>";
		};
		8099FE2818FA9108000BA429 /* CoreData3Tests */ = {
			isa = PBXGroup;
			children = (
				8099FE2E18FA9108000BA429 /* CoreData3Tests.m */,
				8099FE2918FA9108000BA429 /* Supporting Files */,
			);
			path = CoreData3Tests;
			sourceTree = "<group>";
		};
		8099FE2918FA9108000BA429 /* Supporting Files */ = {
			isa = PBXGroup;
			children = (
				8099FE2A18FA9108000BA429 /* Deck StatsTests-Info.plist */,
				8099FE2B18FA9108000BA429 /* InfoPlist.strings */,
			);
			name = "Supporting Files";
			sourceTree = "<group>";
		};
/* End PBXGroup section */

/* Begin PBXNativeTarget section */
		8099FDFF18FA9108000BA429 /* Deck Stats */ = {
			isa = PBXNativeTarget;
			buildConfigurationList = 8099FE3218FA9108000BA429 /* Build configuration list for PBXNativeTarget "Deck Stats" */;
			buildPhases = (
				8099FDFC18FA9108000BA429 /* Sources */,
				8099FDFD18FA9108000BA429 /* Frameworks */,
				8099FDFE18FA9108000BA429 /* Resources */,
			);
			buildRules = (
			);
			dependencies = (
			);
			name = "Deck Stats";
			productName = CoreData3;
			productReference = 8099FE0018FA9108000BA429 /* Deck Stats.app */;
			productType = "com.apple.product-type.application";
		};
		8099FE1F18FA9108000BA429 /* Deck StatsTests */ = {
			isa = PBXNativeTarget;
			buildConfigurationList = 8099FE3518FA9108000BA429 /* Build configuration list for PBXNativeTarget "Deck StatsTests" */;
			buildPhases = (
				8099FE1C18FA9108000BA429 /* Sources */,
				8099FE1D18FA9108000BA429 /* Frameworks */,
				8099FE1E18FA9108000BA429 /* Resources */,
			);
			buildRules = (
			);
			dependencies = (
				8099FE2718FA9108000BA429 /* PBXTargetDependency */,
			);
			name = "Deck StatsTests";
			productName = CoreData3Tests;
			productReference = 8099FE2018FA9108000BA429 /* Deck StatsTests.xctest */;
			productType = "com.apple.product-type.bundle.unit-test";
		};
/* End PBXNativeTarget section */

/* Begin PBXProject section */
		8099FDF818FA9108000BA429 /* Project object */ = {
			isa = PBXProject;
			attributes = {
				CLASSPREFIX = CoreData3;
				LastUpgradeCheck = 0510;
				ORGANIZATIONNAME = Pascal;
				TargetAttributes = {
					8099FDFF18FA9108000BA429 = {
						DevelopmentTeam = H8599255J8;
						SystemCapabilities = {
							com.apple.InAppPurchase = {
								enabled = 0;
							};
						};
					};
					8099FE1F18FA9108000BA429 = {
						TestTargetID = 8099FDFF18FA9108000BA429;
					};
				};
			};
			buildConfigurationList = 8099FDFB18FA9108000BA429 /* Build configuration list for PBXProject "Deck Stats" */;
			compatibilityVersion = "Xcode 3.2";
			developmentRegion = English;
			hasScannedForEncodings = 0;
			knownRegions = (
				en,
			);
			mainGroup = 8099FDF718FA9108000BA429;
			productRefGroup = 8099FE0118FA9108000BA429 /* Products */;
			projectDirPath = "";
			projectRoot = "";
			targets = (
				8099FDFF18FA9108000BA429 /* Deck Stats */,
				8099FE1F18FA9108000BA429 /* Deck StatsTests */,
			);
		};
/* End PBXProject section */

/* Begin PBXResourcesBuildPhase section */
		8099FDFE18FA9108000BA429 /* Resources */ = {
			isa = PBXResourcesBuildPhase;
			buildActionMask = 2147483647;
			files = (
				801FC2D019000820004FF4C9 /* priest.png in Resources */,
				801FC2D419000820004FF4C9 /* druid.png in Resources */,
				801FC2D219000820004FF4C9 /* mage.png in Resources */,
				8084B54719A9F80600FE4BB7 /* cards.json in Resources */,
				809AF26819A8CAC00019BBC1 /* druidclass.png in Resources */,
				801FC2CE19000820004FF4C9 /* shaman.png in Resources */,
				8068175519027D710048DCE7 /* warriorDeck.png in Resources */,
				8068175319027D710048DCE7 /* priestDeck.png in Resources */,
				809AF26E19A8CAC00019BBC1 /* warriorclass.png in Resources */,
				8001BC6519195A5D00A79A16 /* paper1.jpg in Resources */,
				8068175819027D710048DCE7 /* shamanDeck.png in Resources */,
				8001BC6719195C8F00A79A16 /* paper1Ret.jpg in Resources */,
				8001BC611919479C00A79A16 /* barImageRet.png in Resources */,
				8040FE14190169B000C45B97 /* old.json in Resources */,
				8099FE3918FA9126000BA429 /* Main.storyboard in Resources */,
				8068175D190281250048DCE7 /* rogueDeck.png in Resources */,
				8079A2E819B390E600D89788 /* karten.png in Resources */,
				809AF26D19A8CAC00019BBC1 /* warlockclass.png in Resources */,
				8040FE191901980C00C45B97 /* isDoubleIcon.png in Resources */,
				809AF26A19A8CAC00019BBC1 /* priestclass.png in Resources */,
				809AF26C19A8CAC00019BBC1 /* shamanclass.png in Resources */,
				8099FE1018FA9108000BA429 /* InfoPlist.strings in Resources */,
				801FC2C119000048004FF4C9 /* warrior.png in Resources */,
				8068175619027D710048DCE7 /* druidDeck.png in Resources */,
				8099FE1B18FA9108000BA429 /* Images.xcassets in Resources */,
				801FC2CF19000820004FF4C9 /* rogue.png in Resources */,
				8068175419027D710048DCE7 /* mageDeck.png in Resources */,
				809AF26919A8CAC00019BBC1 /* paladinclass.png in Resources */,
				809AF26B19A8CAC00019BBC1 /* rogueclass.png in Resources */,
				809AF27019A8CDFF0019BBC1 /* mageclass.png in Resources */,
				8079A2E219B38BA600D89788 /* cloud.png in Resources */,
				8068175719027D710048DCE7 /* hunterDeck.png in Resources */,
				8001BC631919567700A79A16 /* classHunter.png in Resources */,
				801FC2D119000820004FF4C9 /* paladin.png in Resources */,
				8068175919027D710048DCE7 /* paladinDeck.png in Resources */,
				8068175B19027E1B0048DCE7 /* warlockDeck.png in Resources */,
				8023B77A1905A7D200B9143F /* win_16.png in Resources */,
				801FC2D319000820004FF4C9 /* hunter.png in Resources */,
				801FC2CD19000820004FF4C9 /* warlock.png in Resources */,
			);
			runOnlyForDeploymentPostprocessing = 0;
		};
		8099FE1E18FA9108000BA429 /* Resources */ = {
			isa = PBXResourcesBuildPhase;
			buildActionMask = 2147483647;
			files = (
				8099FE2D18FA9108000BA429 /* InfoPlist.strings in Resources */,
			);
			runOnlyForDeploymentPostprocessing = 0;
		};
/* End PBXResourcesBuildPhase section */

/* Begin PBXSourcesBuildPhase section */
		8099FDFC18FA9108000BA429 /* Sources */ = {
			isa = PBXSourcesBuildPhase;
			buildActionMask = 2147483647;
			files = (
				80E749AF19159E7000B10B44 /* featuredDeckTableViewCell.m in Sources */,
				806817661903FB400048DCE7 /* StatsEntryObject.m in Sources */,
				8001BC6D191979B000A79A16 /* featuredDeckTableViewController.m in Sources */,
				80681749190274550048DCE7 /* MyDecksTableViewCell.m in Sources */,
				8099FE1218FA9108000BA429 /* main.m in Sources */,
				8099FE3C18FA914D000BA429 /* CoreData3ViewController.m in Sources */,
				8099FE1918FA9108000BA429 /* CoreData3.xcdatamodeld in Sources */,
				801BFD45191986A8005EB3FC /* FeaturedDeckCardViewController.m in Sources */,
				8001BC701919824900A79A16 /* featuredTableViewCell.m in Sources */,
				80015B7C190431FF00939A2A /* DisplayStatsTableViewCell.m in Sources */,
				8099FE4D18FC1E76000BA429 /* DeckTableViewController.m in Sources */,
				8048B98D19AF279F00C482E4 /* DSBarChart.m in Sources */,
				8063D4171950343F00B9047F /* MyDecksTableViewController.m in Sources */,
				80E749AC1912DE0E00B10B44 /* FeaturedDecksTableViewController.m in Sources */,
				8040FE17190197BC00C45B97 /* DeckTableViewCell.m in Sources */,
				801FC2C419000524004FF4C9 /* DeckCreatorViewController.m in Sources */,
				801FC2BF18FFFF33004FF4C9 /* HeroSelectViewController.m in Sources */,
				801FC2DD19010AC2004FF4C9 /* CardObject.m in Sources */,
				80681769190404B70048DCE7 /* DisplayStatsViewController.m in Sources */,
				806817601903F0320048DCE7 /* StatsViewController.m in Sources */,
				8063D41A19503F1200B9047F /* DeckCreatorTableViewCell.m in Sources */,
				8099FE1618FA9108000BA429 /* CoreData3AppDelegate.m in Sources */,
				806EDAE319E3D35000D8D65F /* FeaturedFilterViewController.m in Sources */,
				8099FE4718FAFE85000BA429 /* DeckObject.m in Sources */,
			);
			runOnlyForDeploymentPostprocessing = 0;
		};
		8099FE1C18FA9108000BA429 /* Sources */ = {
			isa = PBXSourcesBuildPhase;
			buildActionMask = 2147483647;
			files = (
				8099FE2F18FA9108000BA429 /* CoreData3Tests.m in Sources */,
			);
			runOnlyForDeploymentPostprocessing = 0;
		};
/* End PBXSourcesBuildPhase section */

/* Begin PBXTargetDependency section */
		8099FE2718FA9108000BA429 /* PBXTargetDependency */ = {
			isa = PBXTargetDependency;
			target = 8099FDFF18FA9108000BA429 /* Deck Stats */;
			targetProxy = 8099FE2618FA9108000BA429 /* PBXContainerItemProxy */;
		};
/* End PBXTargetDependency section */

/* Begin PBXVariantGroup section */
		8099FE0E18FA9108000BA429 /* InfoPlist.strings */ = {
			isa = PBXVariantGroup;
			children = (
				8099FE0F18FA9108000BA429 /* en */,
			);
			name = InfoPlist.strings;
			sourceTree = "<group>";
		};
		8099FE2B18FA9108000BA429 /* InfoPlist.strings */ = {
			isa = PBXVariantGroup;
			children = (
				8099FE2C18FA9108000BA429 /* en */,
			);
			name = InfoPlist.strings;
			sourceTree = "<group>";
		};
/* End PBXVariantGroup section */

/* Begin XCBuildConfiguration section */
		8099FE3018FA9108000BA429 /* Debug */ = {
			isa = XCBuildConfiguration;
			buildSettings = {
				ALWAYS_SEARCH_USER_PATHS = NO;
				CLANG_CXX_LANGUAGE_STANDARD = "gnu++0x";
				CLANG_CXX_LIBRARY = "libc++";
				CLANG_ENABLE_MODULES = YES;
				CLANG_ENABLE_OBJC_ARC = YES;
				CLANG_WARN_BOOL_CONVERSION = YES;
				CLANG_WARN_CONSTANT_CONVERSION = YES;
				CLANG_WARN_DIRECT_OBJC_ISA_USAGE = YES_ERROR;
				CLANG_WARN_EMPTY_BODY = YES;
				CLANG_WARN_ENUM_CONVERSION = YES;
				CLANG_WARN_INT_CONVERSION = YES;
				CLANG_WARN_OBJC_ROOT_CLASS = YES_ERROR;
				CLANG_WARN__DUPLICATE_METHOD_MATCH = YES;
				"CODE_SIGN_IDENTITY[sdk=iphoneos*]" = "iPhone Developer";
				COPY_PHASE_STRIP = NO;
				GCC_C_LANGUAGE_STANDARD = gnu99;
				GCC_DYNAMIC_NO_PIC = NO;
				GCC_OPTIMIZATION_LEVEL = 0;
				GCC_PREPROCESSOR_DEFINITIONS = (
					"DEBUG=1",
					"$(inherited)",
				);
				GCC_SYMBOLS_PRIVATE_EXTERN = NO;
				GCC_WARN_64_TO_32_BIT_CONVERSION = YES;
				GCC_WARN_ABOUT_RETURN_TYPE = YES_ERROR;
				GCC_WARN_UNDECLARED_SELECTOR = YES;
				GCC_WARN_UNINITIALIZED_AUTOS = YES_AGGRESSIVE;
				GCC_WARN_UNUSED_FUNCTION = YES;
				GCC_WARN_UNUSED_VARIABLE = YES;
				IPHONEOS_DEPLOYMENT_TARGET = 7.0;
				ONLY_ACTIVE_ARCH = YES;
				SDKROOT = iphoneos;
			};
			name = Debug;
		};
		8099FE3118FA9108000BA429 /* Release */ = {
			isa = XCBuildConfiguration;
			buildSettings = {
				ALWAYS_SEARCH_USER_PATHS = NO;
				CLANG_CXX_LANGUAGE_STANDARD = "gnu++0x";
				CLANG_CXX_LIBRARY = "libc++";
				CLANG_ENABLE_MODULES = YES;
				CLANG_ENABLE_OBJC_ARC = YES;
				CLANG_WARN_BOOL_CONVERSION = YES;
				CLANG_WARN_CONSTANT_CONVERSION = YES;
				CLANG_WARN_DIRECT_OBJC_ISA_USAGE = YES_ERROR;
				CLANG_WARN_EMPTY_BODY = YES;
				CLANG_WARN_ENUM_CONVERSION = YES;
				CLANG_WARN_INT_CONVERSION = YES;
				CLANG_WARN_OBJC_ROOT_CLASS = YES_ERROR;
				CLANG_WARN__DUPLICATE_METHOD_MATCH = YES;
				"CODE_SIGN_IDENTITY[sdk=iphoneos*]" = "iPhone Developer";
				COPY_PHASE_STRIP = YES;
				ENABLE_NS_ASSERTIONS = NO;
				GCC_C_LANGUAGE_STANDARD = gnu99;
				GCC_WARN_64_TO_32_BIT_CONVERSION = YES;
				GCC_WARN_ABOUT_RETURN_TYPE = YES_ERROR;
				GCC_WARN_UNDECLARED_SELECTOR = YES;
				GCC_WARN_UNINITIALIZED_AUTOS = YES_AGGRESSIVE;
				GCC_WARN_UNUSED_FUNCTION = YES;
				GCC_WARN_UNUSED_VARIABLE = YES;
				IPHONEOS_DEPLOYMENT_TARGET = 7.0;
				SDKROOT = iphoneos;
				VALIDATE_PRODUCT = YES;
			};
			name = Release;
		};
		8099FE3318FA9108000BA429 /* Debug */ = {
			isa = XCBuildConfiguration;
			buildSettings = {
				ASSETCATALOG_COMPILER_APPICON_NAME = AppIcon;
				ASSETCATALOG_COMPILER_LAUNCHIMAGE_NAME = LaunchImage;
				CODE_SIGN_IDENTITY = "iPhone Distribution";
				"CODE_SIGN_IDENTITY[sdk=iphoneos*]" = "iPhone Developer";
				FRAMEWORK_SEARCH_PATHS = (
					"$(inherited)",
					"$(PROJECT_DIR)",
				);
				GCC_PRECOMPILE_PREFIX_HEADER = YES;
				GCC_PREFIX_HEADER = "CoreData3/Deck Stats-Prefix.pch";
				INFOPLIST_FILE = "CoreData3/Deck Stats-Info.plist";
				PRODUCT_NAME = "Deck Stats";
				PROVISIONING_PROFILE = "afb634f7-e52d-4587-b5a5-3d4470594d0e";
				WRAPPER_EXTENSION = app;
			};
			name = Debug;
		};
		8099FE3418FA9108000BA429 /* Release */ = {
			isa = XCBuildConfiguration;
			buildSettings = {
				ASSETCATALOG_COMPILER_APPICON_NAME = AppIcon;
				ASSETCATALOG_COMPILER_LAUNCHIMAGE_NAME = LaunchImage;
				CODE_SIGN_IDENTITY = "iPhone Distribution";
				"CODE_SIGN_IDENTITY[sdk=iphoneos*]" = "iPhone Distribution";
				FRAMEWORK_SEARCH_PATHS = (
					"$(inherited)",
					"$(PROJECT_DIR)",
				);
				GCC_PRECOMPILE_PREFIX_HEADER = YES;
				GCC_PREFIX_HEADER = "CoreData3/Deck Stats-Prefix.pch";
				INFOPLIST_FILE = "CoreData3/Deck Stats-Info.plist";
				PRODUCT_NAME = "Deck Stats";
				PROVISIONING_PROFILE = "afb634f7-e52d-4587-b5a5-3d4470594d0e";
				WRAPPER_EXTENSION = app;
			};
			name = Release;
		};
		8099FE3618FA9108000BA429 /* Debug */ = {
			isa = XCBuildConfiguration;
			buildSettings = {
				BUNDLE_LOADER = "$(BUILT_PRODUCTS_DIR)/CoreData3.app/CoreData3";
				FRAMEWORK_SEARCH_PATHS = (
					"$(SDKROOT)/Developer/Library/Frameworks",
					"$(inherited)",
					"$(DEVELOPER_FRAMEWORKS_DIR)",
				);
				GCC_PRECOMPILE_PREFIX_HEADER = YES;
				GCC_PREFIX_HEADER = "CoreData3/CoreData3-Prefix.pch";
				GCC_PREPROCESSOR_DEFINITIONS = (
					"DEBUG=1",
					"$(inherited)",
				);
				INFOPLIST_FILE = "CoreData3Tests/Deck StatsTests-Info.plist";
				PRODUCT_NAME = "Deck StatsTests";
				TEST_HOST = "$(BUNDLE_LOADER)";
				WRAPPER_EXTENSION = xctest;
			};
			name = Debug;
		};
		8099FE3718FA9108000BA429 /* Release */ = {
			isa = XCBuildConfiguration;
			buildSettings = {
				BUNDLE_LOADER = "$(BUILT_PRODUCTS_DIR)/CoreData3.app/CoreData3";
				FRAMEWORK_SEARCH_PATHS = (
					"$(SDKROOT)/Developer/Library/Frameworks",
					"$(inherited)",
					"$(DEVELOPER_FRAMEWORKS_DIR)",
				);
				GCC_PRECOMPILE_PREFIX_HEADER = YES;
				GCC_PREFIX_HEADER = "CoreData3/CoreData3-Prefix.pch";
				INFOPLIST_FILE = "CoreData3Tests/Deck StatsTests-Info.plist";
				PRODUCT_NAME = "Deck StatsTests";
				TEST_HOST = "$(BUNDLE_LOADER)";
				WRAPPER_EXTENSION = xctest;
			};
			name = Release;
		};
/* End XCBuildConfiguration section */

/* Begin XCConfigurationList section */
		8099FDFB18FA9108000BA429 /* Build configuration list for PBXProject "Deck Stats" */ = {
			isa = XCConfigurationList;
			buildConfigurations = (
				8099FE3018FA9108000BA429 /* Debug */,
				8099FE3118FA9108000BA429 /* Release */,
			);
			defaultConfigurationIsVisible = 0;
			defaultConfigurationName = Release;
		};
		8099FE3218FA9108000BA429 /* Build configuration list for PBXNativeTarget "Deck Stats" */ = {
			isa = XCConfigurationList;
			buildConfigurations = (
				8099FE3318FA9108000BA429 /* Debug */,
				8099FE3418FA9108000BA429 /* Release */,
			);
			defaultConfigurationIsVisible = 0;
			defaultConfigurationName = Release;
		};
		8099FE3518FA9108000BA429 /* Build configuration list for PBXNativeTarget "Deck StatsTests" */ = {
			isa = XCConfigurationList;
			buildConfigurations = (
				8099FE3618FA9108000BA429 /* Debug */,
				8099FE3718FA9108000BA429 /* Release */,
			);
			defaultConfigurationIsVisible = 0;
			defaultConfigurationName = Release;
		};
/* End XCConfigurationList section */

/* Begin XCVersionGroup section */
		8099FE1718FA9108000BA429 /* CoreData3.xcdatamodeld */ = {
			isa = XCVersionGroup;
			children = (
				8099FE1818FA9108000BA429 /* CoreData3.xcdatamodel */,
			);
			currentVersion = 8099FE1818FA9108000BA429 /* CoreData3.xcdatamodel */;
			path = CoreData3.xcdatamodeld;
			sourceTree = "<group>";
			versionGroupType = wrapper.xcdatamodel;
		};
/* End XCVersionGroup section */
	};
	rootObject = 8099FDF818FA9108000BA429 /* Project object */;
}
